
Microsoft Visual Studio Solution File, Format Version 12.00
# Visual Studio Version 17
VisualStudioVersion = 17.11.35312.102
MinimumVisualStudioVersion = 10.0.40219.1
Project("{FAE04EC0-301F-11D3-BF4B-00C04F79EFBC}") = "Calculator_App", "Calculator_App.csproj", "{36428418-C332-4216-9FCD-B87CA0469B23}"
EndProject
Global
	GlobalSection(SolutionConfigurationPlatforms) = preSolution
		Debug|Any CPU = Debug|Any CPU
		Release|Any CPU = Release|Any CPU
	EndGlobalSection
	GlobalSection(ProjectConfigurationPlatforms) = postSolution
		{36428418-C332-4216-9FCD-B87CA0469B23}.Debug|Any CPU.ActiveCfg = Debug|Any CPU
		{36428418-C332-4216-9FCD-B87CA0469B23}.Debug|Any CPU.Build.0 = Debug|Any CPU
		{36428418-C332-4216-9FCD-B87CA0469B23}.Release|Any CPU.ActiveCfg = Release|Any CPU
		{36428418-C332-4216-9FCD-B87CA0469B23}.Release|Any CPU.Build.0 = Release|Any CPU
	EndGlobalSection
	GlobalSection(SolutionProperties) = preSolution
		HideSolutionNode = FALSE
	EndGlobalSection
	GlobalSection(ExtensibilityGlobals) = postSolution
		SolutionGuid = {61A21CF9-FE05-4084-B864-745BDE67C2DB}
	EndGlobalSection
EndGlobal
